
Microsoft Visual Studio Solution File, Format Version 12.00
# Visual Studio Version 17
VisualStudioVersion = 17.14.36623.8
MinimumVisualStudioVersion = 10.0.40219.1
Project("{8BC9CEB8-8B4A-11D0-8D11-00A0C91BC942}") = "Gaddis_8thEd_Chap12_Prob7_Sentence_Filter", "Gaddis_8thEd_Chap12_Prob7_Sentence_Filter\Gaddis_8thEd_Chap12_Prob7_Sentence_Filter.vcxproj", "{02126FB2-1B29-4750-855E-BC32B8B88DE8}"
EndProject
Project("{8BC9CEB8-8B4A-11D0-8D11-00A0C91BC942}") = "Gaddis_8thEd_Chap12_Prob8_Array_File_Functions", "Gaddis_8thEd_Chap12_Prob8_Array_File_Functions\Gaddis_8thEd_Chap12_Prob8_Array_File_Functions.vcxproj", "{D74AF68C-DA5A-4E83-8750-B782F9D86025}"
EndProject
Project("{8BC9CEB8-8B4A-11D0-8D11-00A0C91BC942}") = "Gaddis_8thEd_Chap12_Prob11_Corporate_Sales_Data_Output", "Gaddis_8thEd_Chap12_Prob11_Corporate_Sales_Data_Output\Gaddis_8thEd_Chap12_Prob11_Corporate_Sales_Data_Output.vcxproj", "{D62231CF-5089-4799-BCBF-9AFB79B6E87D}"
EndProject
Project("{8BC9CEB8-8B4A-11D0-8D11-00A0C91BC942}") = "Gaddis_8thEd_Chap12_Prob12_Corporate_Sales_Data_Input", "Gaddis_8thEd_Chap12_Prob12_Corporate_Sales_Data_Input\Gaddis_8thEd_Chap12_Prob12_Corporate_Sales_Data_Input.vcxproj", "{B2F49487-D3B8-4A7F-A9D7-9EDD3637377D}"
EndProject
Project("{8BC9CEB8-8B4A-11D0-8D11-00A0C91BC942}") = "Gaddis_8thEd_Chap12_Prob6_String_Search", "Gaddis_8thEd_Chap12_Prob6_String_Search\Gaddis_8thEd_Chap12_Prob6_String_Search.vcxproj", "{5A0DD567-B6D3-44C7-BD46-24CCAA69F993}"
EndProject
Global
	GlobalSection(SolutionConfigurationPlatforms) = preSolution
		Debug|x64 = Debug|x64
		Debug|x86 = Debug|x86
		Release|x64 = Release|x64
		Release|x86 = Release|x86
	EndGlobalSection
	GlobalSection(ProjectConfigurationPlatforms) = postSolution
		{02126FB2-1B29-4750-855E-BC32B8B88DE8}.Debug|x64.ActiveCfg = Debug|x64
		{02126FB2-1B29-4750-855E-BC32B8B88DE8}.Debug|x64.Build.0 = Debug|x64
		{02126FB2-1B29-4750-855E-BC32B8B88DE8}.Debug|x86.ActiveCfg = Debug|Win32
		{02126FB2-1B29-4750-855E-BC32B8B88DE8}.Debug|x86.Build.0 = Debug|Win32
		{02126FB2-1B29-4750-855E-BC32B8B88DE8}.Release|x64.ActiveCfg = Release|x64
		{02126FB2-1B29-4750-855E-BC32B8B88DE8}.Release|x64.Build.0 = Release|x64
		{02126FB2-1B29-4750-855E-BC32B8B88DE8}.Release|x86.ActiveCfg = Release|Win32
		{02126FB2-1B29-4750-855E-BC32B8B88DE8}.Release|x86.Build.0 = Release|Win32
		{D74AF68C-DA5A-4E83-8750-B782F9D86025}.Debug|x64.ActiveCfg = Debug|x64
		{D74AF68C-DA5A-4E83-8750-B782F9D86025}.Debug|x64.Build.0 = Debug|x64
		{D74AF68C-DA5A-4E83-8750-B782F9D86025}.Debug|x86.ActiveCfg = Debug|Win32
		{D74AF68C-DA5A-4E83-8750-B782F9D86025}.Debug|x86.Build.0 = Debug|Win32
		{D74AF68C-DA5A-4E83-8750-B782F9D86025}.Release|x64.ActiveCfg = Release|x64
		{D74AF68C-DA5A-4E83-8750-B782F9D86025}.Release|x64.Build.0 = Release|x64
		{D74AF68C-DA5A-4E83-8750-B782F9D86025}.Release|x86.ActiveCfg = Release|Win32
		{D74AF68C-DA5A-4E83-8750-B782F9D86025}.Release|x86.Build.0 = Release|Win32
		{D62231CF-5089-4799-BCBF-9AFB79B6E87D}.Debug|x64.ActiveCfg = Debug|x64
		{D62231CF-5089-4799-BCBF-9AFB79B6E87D}.Debug|x64.Build.0 = Debug|x64
		{D62231CF-5089-4799-BCBF-9AFB79B6E87D}.Debug|x86.ActiveCfg = Debug|Win32
		{D62231CF-5089-4799-BCBF-9AFB79B6E87D}.Debug|x86.Build.0 = Debug|Win32
		{D62231CF-5089-4799-BCBF-9AFB79B6E87D}.Release|x64.ActiveCfg = Release|x64
		{D62231CF-5089-4799-BCBF-9AFB79B6E87D}.Release|x64.Build.0 = Release|x64
		{D62231CF-5089-4799-BCBF-9AFB79B6E87D}.Release|x86.ActiveCfg = Release|Win32
		{D62231CF-5089-4799-BCBF-9AFB79B6E87D}.Release|x86.Build.0 = Release|Win32
		{B2F49487-D3B8-4A7F-A9D7-9EDD3637377D}.Debug|x64.ActiveCfg = Debug|x64
		{B2F49487-D3B8-4A7F-A9D7-9EDD3637377D}.Debug|x64.Build.0 = Debug|x64
		{B2F49487-D3B8-4A7F-A9D7-9EDD3637377D}.Debug|x86.ActiveCfg = Debug|Win32
		{B2F49487-D3B8-4A7F-A9D7-9EDD3637377D}.Debug|x86.Build.0 = Debug|Win32
		{B2F49487-D3B8-4A7F-A9D7-9EDD3637377D}.Release|x64.ActiveCfg = Release|x64
		{B2F49487-D3B8-4A7F-A9D7-9EDD3637377D}.Release|x64.Build.0 = Release|x64
		{B2F49487-D3B8-4A7F-A9D7-9EDD3637377D}.Release|x86.ActiveCfg = Release|Win32
		{B2F49487-D3B8-4A7F-A9D7-9EDD3637377D}.Release|x86.Build.0 = Release|Win32
		{5A0DD567-B6D3-44C7-BD46-24CCAA69F993}.Debug|x64.ActiveCfg = Debug|x64
		{5A0DD567-B6D3-44C7-BD46-24CCAA69F993}.Debug|x64.Build.0 = Debug|x64
		{5A0DD567-B6D3-44C7-BD46-24CCAA69F993}.Debug|x86.ActiveCfg = Debug|Win32
		{5A0DD567-B6D3-44C7-BD46-24CCAA69F993}.Debug|x86.Build.0 = Debug|Win32
		{5A0DD567-B6D3-44C7-BD46-24CCAA69F993}.Release|x64.ActiveCfg = Release|x64
		{5A0DD567-B6D3-44C7-BD46-24CCAA69F993}.Release|x64.Build.0 = Release|x64
		{5A0DD567-B6D3-44C7-BD46-24CCAA69F993}.Release|x86.ActiveCfg = Release|Win32
		{5A0DD567-B6D3-44C7-BD46-24CCAA69F993}.Release|x86.Build.0 = Release|Win32
	EndGlobalSection
	GlobalSection(SolutionProperties) = preSolution
		HideSolutionNode = FALSE
	EndGlobalSection
	GlobalSection(ExtensibilityGlobals) = postSolution
		SolutionGuid = {A6762D3D-402C-4E49-ACF7-8270F82B5F0F}
	EndGlobalSection
EndGlobal
