
Microsoft Visual Studio Solution File, Format Version 12.00
# Visual Studio Version 17
VisualStudioVersion = 17.14.36623.8
MinimumVisualStudioVersion = 10.0.40219.1
Project("{8BC9CEB8-8B4A-11D0-8D11-00A0C91BC942}") = "Midterm_Problem1_Financial_Tracker", "Midterm_Problem1_Financial_Tracker\Midterm_Problem1_Financial_Tracker.vcxproj", "{11D8BBE3-19B1-404F-A7C1-65A2AE35B60C}"
EndProject
Project("{8BC9CEB8-8B4A-11D0-8D11-00A0C91BC942}") = "Midterm_Problem2_Employee_Checks", "Midterm_Problem2_Employee_Checks\Midterm_Problem2_Employee_Checks.vcxproj", "{7C16E6D7-0A2A-40DE-A34C-531A2877914C}"
EndProject
Project("{8BC9CEB8-8B4A-11D0-8D11-00A0C91BC942}") = "Midterm_Problem_3_Mean_Median_Mode", "Midterm_Problem_3_Mean_Median_Mode\Midterm_Problem_3_Mean_Median_Mode.vcxproj", "{9165EEF8-31F9-4064-BCB6-6E36C6C19B18}"
EndProject
Project("{8BC9CEB8-8B4A-11D0-8D11-00A0C91BC942}") = "Midterm_Problem_4_Data_Encryption_Decryption", "Midterm_Problem_4_Data_Encryption_Decryption\Midterm_Problem_4_Data_Encryption_Decryption.vcxproj", "{68F8A26F-EF77-4722-BFA4-C01821E9F5CF}"
EndProject
Project("{8BC9CEB8-8B4A-11D0-8D11-00A0C91BC942}") = "Midterm_Problem_5_Exploration_of_Data_Types", "Midterm_Problem_5_Exploration_of_Data_Types\Midterm_Problem_5_Exploration_of_Data_Types.vcxproj", "{534EC83E-51D2-450F-8F16-996AA799422C}"
EndProject
Project("{8BC9CEB8-8B4A-11D0-8D11-00A0C91BC942}") = "Midterm_Problem_6_NASA_Format_Conversion", "Midterm_Problem_6_NASA_Format_Conversion\Midterm_Problem_6_NASA_Format_Conversion.vcxproj", "{76CAA373-E057-4052-B9C8-C9049243DEF7}"
EndProject
Project("{8BC9CEB8-8B4A-11D0-8D11-00A0C91BC942}") = "Midterm_Problem_7_Prime_Numbers", "Midterm_Problem_7_Prime_Numbers\Midterm_Problem_7_Prime_Numbers.vcxproj", "{F9093126-56F2-44F4-9B8E-E374EFACC960}"
EndProject
Global
	GlobalSection(SolutionConfigurationPlatforms) = preSolution
		Debug|x64 = Debug|x64
		Debug|x86 = Debug|x86
		Release|x64 = Release|x64
		Release|x86 = Release|x86
	EndGlobalSection
	GlobalSection(ProjectConfigurationPlatforms) = postSolution
		{11D8BBE3-19B1-404F-A7C1-65A2AE35B60C}.Debug|x64.ActiveCfg = Debug|x64
		{11D8BBE3-19B1-404F-A7C1-65A2AE35B60C}.Debug|x64.Build.0 = Debug|x64
		{11D8BBE3-19B1-404F-A7C1-65A2AE35B60C}.Debug|x86.ActiveCfg = Debug|Win32
		{11D8BBE3-19B1-404F-A7C1-65A2AE35B60C}.Debug|x86.Build.0 = Debug|Win32
		{11D8BBE3-19B1-404F-A7C1-65A2AE35B60C}.Release|x64.ActiveCfg = Release|x64
		{11D8BBE3-19B1-404F-A7C1-65A2AE35B60C}.Release|x64.Build.0 = Release|x64
		{11D8BBE3-19B1-404F-A7C1-65A2AE35B60C}.Release|x86.ActiveCfg = Release|Win32
		{11D8BBE3-19B1-404F-A7C1-65A2AE35B60C}.Release|x86.Build.0 = Release|Win32
		{7C16E6D7-0A2A-40DE-A34C-531A2877914C}.Debug|x64.ActiveCfg = Debug|x64
		{7C16E6D7-0A2A-40DE-A34C-531A2877914C}.Debug|x64.Build.0 = Debug|x64
		{7C16E6D7-0A2A-40DE-A34C-531A2877914C}.Debug|x86.ActiveCfg = Debug|Win32
		{7C16E6D7-0A2A-40DE-A34C-531A2877914C}.Debug|x86.Build.0 = Debug|Win32
		{7C16E6D7-0A2A-40DE-A34C-531A2877914C}.Release|x64.ActiveCfg = Release|x64
		{7C16E6D7-0A2A-40DE-A34C-531A2877914C}.Release|x64.Build.0 = Release|x64
		{7C16E6D7-0A2A-40DE-A34C-531A2877914C}.Release|x86.ActiveCfg = Release|Win32
		{7C16E6D7-0A2A-40DE-A34C-531A2877914C}.Release|x86.Build.0 = Release|Win32
		{9165EEF8-31F9-4064-BCB6-6E36C6C19B18}.Debug|x64.ActiveCfg = Debug|x64
		{9165EEF8-31F9-4064-BCB6-6E36C6C19B18}.Debug|x64.Build.0 = Debug|x64
		{9165EEF8-31F9-4064-BCB6-6E36C6C19B18}.Debug|x86.ActiveCfg = Debug|Win32
		{9165EEF8-31F9-4064-BCB6-6E36C6C19B18}.Debug|x86.Build.0 = Debug|Win32
		{9165EEF8-31F9-4064-BCB6-6E36C6C19B18}.Release|x64.ActiveCfg = Release|x64
		{9165EEF8-31F9-4064-BCB6-6E36C6C19B18}.Release|x64.Build.0 = Release|x64
		{9165EEF8-31F9-4064-BCB6-6E36C6C19B18}.Release|x86.ActiveCfg = Release|Win32
		{9165EEF8-31F9-4064-BCB6-6E36C6C19B18}.Release|x86.Build.0 = Release|Win32
		{68F8A26F-EF77-4722-BFA4-C01821E9F5CF}.Debug|x64.ActiveCfg = Debug|x64
		{68F8A26F-EF77-4722-BFA4-C01821E9F5CF}.Debug|x64.Build.0 = Debug|x64
		{68F8A26F-EF77-4722-BFA4-C01821E9F5CF}.Debug|x86.ActiveCfg = Debug|Win32
		{68F8A26F-EF77-4722-BFA4-C01821E9F5CF}.Debug|x86.Build.0 = Debug|Win32
		{68F8A26F-EF77-4722-BFA4-C01821E9F5CF}.Release|x64.ActiveCfg = Release|x64
		{68F8A26F-EF77-4722-BFA4-C01821E9F5CF}.Release|x64.Build.0 = Release|x64
		{68F8A26F-EF77-4722-BFA4-C01821E9F5CF}.Release|x86.ActiveCfg = Release|Win32
		{68F8A26F-EF77-4722-BFA4-C01821E9F5CF}.Release|x86.Build.0 = Release|Win32
		{534EC83E-51D2-450F-8F16-996AA799422C}.Debug|x64.ActiveCfg = Debug|x64
		{534EC83E-51D2-450F-8F16-996AA799422C}.Debug|x64.Build.0 = Debug|x64
		{534EC83E-51D2-450F-8F16-996AA799422C}.Debug|x86.ActiveCfg = Debug|Win32
		{534EC83E-51D2-450F-8F16-996AA799422C}.Debug|x86.Build.0 = Debug|Win32
		{534EC83E-51D2-450F-8F16-996AA799422C}.Release|x64.ActiveCfg = Release|x64
		{534EC83E-51D2-450F-8F16-996AA799422C}.Release|x64.Build.0 = Release|x64
		{534EC83E-51D2-450F-8F16-996AA799422C}.Release|x86.ActiveCfg = Release|Win32
		{534EC83E-51D2-450F-8F16-996AA799422C}.Release|x86.Build.0 = Release|Win32
		{76CAA373-E057-4052-B9C8-C9049243DEF7}.Debug|x64.ActiveCfg = Debug|x64
		{76CAA373-E057-4052-B9C8-C9049243DEF7}.Debug|x64.Build.0 = Debug|x64
		{76CAA373-E057-4052-B9C8-C9049243DEF7}.Debug|x86.ActiveCfg = Debug|Win32
		{76CAA373-E057-4052-B9C8-C9049243DEF7}.Debug|x86.Build.0 = Debug|Win32
		{76CAA373-E057-4052-B9C8-C9049243DEF7}.Release|x64.ActiveCfg = Release|x64
		{76CAA373-E057-4052-B9C8-C9049243DEF7}.Release|x64.Build.0 = Release|x64
		{76CAA373-E057-4052-B9C8-C9049243DEF7}.Release|x86.ActiveCfg = Release|Win32
		{76CAA373-E057-4052-B9C8-C9049243DEF7}.Release|x86.Build.0 = Release|Win32
		{F9093126-56F2-44F4-9B8E-E374EFACC960}.Debug|x64.ActiveCfg = Debug|x64
		{F9093126-56F2-44F4-9B8E-E374EFACC960}.Debug|x64.Build.0 = Debug|x64
		{F9093126-56F2-44F4-9B8E-E374EFACC960}.Debug|x86.ActiveCfg = Debug|Win32
		{F9093126-56F2-44F4-9B8E-E374EFACC960}.Debug|x86.Build.0 = Debug|Win32
		{F9093126-56F2-44F4-9B8E-E374EFACC960}.Release|x64.ActiveCfg = Release|x64
		{F9093126-56F2-44F4-9B8E-E374EFACC960}.Release|x64.Build.0 = Release|x64
		{F9093126-56F2-44F4-9B8E-E374EFACC960}.Release|x86.ActiveCfg = Release|Win32
		{F9093126-56F2-44F4-9B8E-E374EFACC960}.Release|x86.Build.0 = Release|Win32
	EndGlobalSection
	GlobalSection(SolutionProperties) = preSolution
		HideSolutionNode = FALSE
	EndGlobalSection
	GlobalSection(ExtensibilityGlobals) = postSolution
		SolutionGuid = {14251235-554F-4831-874B-69E00ECB8C53}
	EndGlobalSection
EndGlobal
