
Microsoft Visual Studio Solution File, Format Version 12.00
# Visual Studio Version 17
VisualStudioVersion = 17.14.36623.8
MinimumVisualStudioVersion = 10.0.40219.1
Project("{8BC9CEB8-8B4A-11D0-8D11-00A0C91BC942}") = "Final_Problem_1_Random_Sequence", "Final_Problem_1_Random_Sequence\Final_Problem_1_Random_Sequence.vcxproj", "{FE7DF99B-9AC5-4C7E-B7C0-A52A1CDB4B51}"
EndProject
Project("{8BC9CEB8-8B4A-11D0-8D11-00A0C91BC942}") = "Final_Problem_2_All_Kinds_Of_Sorting", "Final_Problem_2_All_Kinds_Of_Sorting\Final_Problem_2_All_Kinds_Of_Sorting.vcxproj", "{E0389FF5-6F68-4402-AE8F-C5E2EAD85653}"
EndProject
Project("{8BC9CEB8-8B4A-11D0-8D11-00A0C91BC942}") = "Final_Problem_3_Spreadsheet", "Final_Problem_3_Spreadsheet\Final_Problem_3_Spreadsheet.vcxproj", "{0696CD87-0D11-4389-A0F1-F0EFCA68D924}"
EndProject
Project("{8BC9CEB8-8B4A-11D0-8D11-00A0C91BC942}") = "Final_Problem_4_Saving_Account_Class", "Final_Problem_4_Saving_Account_Class\Final_Problem_4_Saving_Account_Class.vcxproj", "{FFB76F28-0E60-41B8-9129-A763F66E7827}"
EndProject
Project("{8BC9CEB8-8B4A-11D0-8D11-00A0C91BC942}") = "Final_Problem_5_Employee_Class", "Final_Problem_5_Employee_Class\Final_Problem_5_Employee_Class.vcxproj", "{BE841DDA-B7BC-48CD-BC38-9DC5AB96A332}"
EndProject
Project("{8BC9CEB8-8B4A-11D0-8D11-00A0C91BC942}") = "Final_Problem_6_Conversions", "Final_Problem_6_Conversions\Final_Problem_6_Conversions.vcxproj", "{41CC03E9-A1E1-4894-BE21-A582F11E1D59}"
EndProject
Global
	GlobalSection(SolutionConfigurationPlatforms) = preSolution
		Debug|x64 = Debug|x64
		Debug|x86 = Debug|x86
		Release|x64 = Release|x64
		Release|x86 = Release|x86
	EndGlobalSection
	GlobalSection(ProjectConfigurationPlatforms) = postSolution
		{FE7DF99B-9AC5-4C7E-B7C0-A52A1CDB4B51}.Debug|x64.ActiveCfg = Debug|x64
		{FE7DF99B-9AC5-4C7E-B7C0-A52A1CDB4B51}.Debug|x64.Build.0 = Debug|x64
		{FE7DF99B-9AC5-4C7E-B7C0-A52A1CDB4B51}.Debug|x86.ActiveCfg = Debug|Win32
		{FE7DF99B-9AC5-4C7E-B7C0-A52A1CDB4B51}.Debug|x86.Build.0 = Debug|Win32
		{FE7DF99B-9AC5-4C7E-B7C0-A52A1CDB4B51}.Release|x64.ActiveCfg = Release|x64
		{FE7DF99B-9AC5-4C7E-B7C0-A52A1CDB4B51}.Release|x64.Build.0 = Release|x64
		{FE7DF99B-9AC5-4C7E-B7C0-A52A1CDB4B51}.Release|x86.ActiveCfg = Release|Win32
		{FE7DF99B-9AC5-4C7E-B7C0-A52A1CDB4B51}.Release|x86.Build.0 = Release|Win32
		{E0389FF5-6F68-4402-AE8F-C5E2EAD85653}.Debug|x64.ActiveCfg = Debug|x64
		{E0389FF5-6F68-4402-AE8F-C5E2EAD85653}.Debug|x64.Build.0 = Debug|x64
		{E0389FF5-6F68-4402-AE8F-C5E2EAD85653}.Debug|x86.ActiveCfg = Debug|Win32
		{E0389FF5-6F68-4402-AE8F-C5E2EAD85653}.Debug|x86.Build.0 = Debug|Win32
		{E0389FF5-6F68-4402-AE8F-C5E2EAD85653}.Release|x64.ActiveCfg = Release|x64
		{E0389FF5-6F68-4402-AE8F-C5E2EAD85653}.Release|x64.Build.0 = Release|x64
		{E0389FF5-6F68-4402-AE8F-C5E2EAD85653}.Release|x86.ActiveCfg = Release|Win32
		{E0389FF5-6F68-4402-AE8F-C5E2EAD85653}.Release|x86.Build.0 = Release|Win32
		{0696CD87-0D11-4389-A0F1-F0EFCA68D924}.Debug|x64.ActiveCfg = Debug|x64
		{0696CD87-0D11-4389-A0F1-F0EFCA68D924}.Debug|x64.Build.0 = Debug|x64
		{0696CD87-0D11-4389-A0F1-F0EFCA68D924}.Debug|x86.ActiveCfg = Debug|Win32
		{0696CD87-0D11-4389-A0F1-F0EFCA68D924}.Debug|x86.Build.0 = Debug|Win32
		{0696CD87-0D11-4389-A0F1-F0EFCA68D924}.Release|x64.ActiveCfg = Release|x64
		{0696CD87-0D11-4389-A0F1-F0EFCA68D924}.Release|x64.Build.0 = Release|x64
		{0696CD87-0D11-4389-A0F1-F0EFCA68D924}.Release|x86.ActiveCfg = Release|Win32
		{0696CD87-0D11-4389-A0F1-F0EFCA68D924}.Release|x86.Build.0 = Release|Win32
		{FFB76F28-0E60-41B8-9129-A763F66E7827}.Debug|x64.ActiveCfg = Debug|x64
		{FFB76F28-0E60-41B8-9129-A763F66E7827}.Debug|x64.Build.0 = Debug|x64
		{FFB76F28-0E60-41B8-9129-A763F66E7827}.Debug|x86.ActiveCfg = Debug|Win32
		{FFB76F28-0E60-41B8-9129-A763F66E7827}.Debug|x86.Build.0 = Debug|Win32
		{FFB76F28-0E60-41B8-9129-A763F66E7827}.Release|x64.ActiveCfg = Release|x64
		{FFB76F28-0E60-41B8-9129-A763F66E7827}.Release|x64.Build.0 = Release|x64
		{FFB76F28-0E60-41B8-9129-A763F66E7827}.Release|x86.ActiveCfg = Release|Win32
		{FFB76F28-0E60-41B8-9129-A763F66E7827}.Release|x86.Build.0 = Release|Win32
		{BE841DDA-B7BC-48CD-BC38-9DC5AB96A332}.Debug|x64.ActiveCfg = Debug|x64
		{BE841DDA-B7BC-48CD-BC38-9DC5AB96A332}.Debug|x64.Build.0 = Debug|x64
		{BE841DDA-B7BC-48CD-BC38-9DC5AB96A332}.Debug|x86.ActiveCfg = Debug|Win32
		{BE841DDA-B7BC-48CD-BC38-9DC5AB96A332}.Debug|x86.Build.0 = Debug|Win32
		{BE841DDA-B7BC-48CD-BC38-9DC5AB96A332}.Release|x64.ActiveCfg = Release|x64
		{BE841DDA-B7BC-48CD-BC38-9DC5AB96A332}.Release|x64.Build.0 = Release|x64
		{BE841DDA-B7BC-48CD-BC38-9DC5AB96A332}.Release|x86.ActiveCfg = Release|Win32
		{BE841DDA-B7BC-48CD-BC38-9DC5AB96A332}.Release|x86.Build.0 = Release|Win32
		{41CC03E9-A1E1-4894-BE21-A582F11E1D59}.Debug|x64.ActiveCfg = Debug|x64
		{41CC03E9-A1E1-4894-BE21-A582F11E1D59}.Debug|x64.Build.0 = Debug|x64
		{41CC03E9-A1E1-4894-BE21-A582F11E1D59}.Debug|x86.ActiveCfg = Debug|Win32
		{41CC03E9-A1E1-4894-BE21-A582F11E1D59}.Debug|x86.Build.0 = Debug|Win32
		{41CC03E9-A1E1-4894-BE21-A582F11E1D59}.Release|x64.ActiveCfg = Release|x64
		{41CC03E9-A1E1-4894-BE21-A582F11E1D59}.Release|x64.Build.0 = Release|x64
		{41CC03E9-A1E1-4894-BE21-A582F11E1D59}.Release|x86.ActiveCfg = Release|Win32
		{41CC03E9-A1E1-4894-BE21-A582F11E1D59}.Release|x86.Build.0 = Release|Win32
	EndGlobalSection
	GlobalSection(SolutionProperties) = preSolution
		HideSolutionNode = FALSE
	EndGlobalSection
	GlobalSection(ExtensibilityGlobals) = postSolution
		SolutionGuid = {E5BE8128-2F14-4538-9635-A57C7A658353}
	EndGlobalSection
EndGlobal
