
Microsoft Visual Studio Solution File, Format Version 12.00
# Visual Studio Version 17
VisualStudioVersion = 17.14.36623.8 d17.14
MinimumVisualStudioVersion = 10.0.40219.1
Project("{8BC9CEB8-8B4A-11D0-8D11-00A0C91BC942}") = "Gaddis_8thEd_Chap15_Prob1_Employee_ProductionWorker_Classes", "Gaddis_8thEd_Chap15_Prob1_Employee_ProductionWorker_Classes\Gaddis_8thEd_Chap15_Prob1_Employee_ProductionWorker_Classes.vcxproj", "{711D20CC-4010-4F86-8099-FA8FF6FF5D2F}"
EndProject
Project("{8BC9CEB8-8B4A-11D0-8D11-00A0C91BC942}") = "Gaddis_8thEd_Chap15_Prob4_Time_Format", "Gaddis_8thEd_Chap15_Prob4_Time_Format\Gaddis_8thEd_Chap15_Prob4_Time_Format.vcxproj", "{BD396C4E-980D-4253-A5F6-F638BD2F1006}"
EndProject
Project("{8BC9CEB8-8B4A-11D0-8D11-00A0C91BC942}") = "Gaddis_8thEd_Chap15_Prob6_Essay_Class", "Gaddis_8thEd_Chap15_Prob6_Essay_Class\Gaddis_8thEd_Chap15_Prob6_Essay_Class.vcxproj", "{95D3BFAB-151A-493C-B2B4-DDAC4AF20051}"
EndProject
Project("{8BC9CEB8-8B4A-11D0-8D11-00A0C91BC942}") = "Gaddis_8thEd_Chap16_Prob1_Date_Exceptions", "Gaddis_8thEd_Chap16_Prob1_Date_Exceptions\Gaddis_8thEd_Chap16_Prob1_Date_Exceptions.vcxproj", "{78E5DDC8-24CD-4CF2-A679-13A0EF9295F6}"
EndProject
Project("{8BC9CEB8-8B4A-11D0-8D11-00A0C91BC942}") = "Gaddis_8thEd_Chap16_Prob2_Time_Format_Exception", "Gaddis_8thEd_Chap16_Prob2_Time_Format_Exception\Gaddis_8thEd_Chap16_Prob2_Time_Format_Exception.vcxproj", "{3236679F-ADE9-48FE-806D-BB8181451335}"
EndProject
Project("{8BC9CEB8-8B4A-11D0-8D11-00A0C91BC942}") = "Gaddis_8thEd_Chap16_Prob3_Min_Max_Templates", "Gaddis_8thEd_Chap16_Prob3_Min_Max_Templates\Gaddis_8thEd_Chap16_Prob3_Min_Max_Templates.vcxproj", "{6C191F4C-D65A-4939-A221-886CD7B0C262}"
EndProject
Global
	GlobalSection(SolutionConfigurationPlatforms) = preSolution
		Debug|x64 = Debug|x64
		Debug|x86 = Debug|x86
		Release|x64 = Release|x64
		Release|x86 = Release|x86
	EndGlobalSection
	GlobalSection(ProjectConfigurationPlatforms) = postSolution
		{711D20CC-4010-4F86-8099-FA8FF6FF5D2F}.Debug|x64.ActiveCfg = Debug|x64
		{711D20CC-4010-4F86-8099-FA8FF6FF5D2F}.Debug|x64.Build.0 = Debug|x64
		{711D20CC-4010-4F86-8099-FA8FF6FF5D2F}.Debug|x86.ActiveCfg = Debug|Win32
		{711D20CC-4010-4F86-8099-FA8FF6FF5D2F}.Debug|x86.Build.0 = Debug|Win32
		{711D20CC-4010-4F86-8099-FA8FF6FF5D2F}.Release|x64.ActiveCfg = Release|x64
		{711D20CC-4010-4F86-8099-FA8FF6FF5D2F}.Release|x64.Build.0 = Release|x64
		{711D20CC-4010-4F86-8099-FA8FF6FF5D2F}.Release|x86.ActiveCfg = Release|Win32
		{711D20CC-4010-4F86-8099-FA8FF6FF5D2F}.Release|x86.Build.0 = Release|Win32
		{BD396C4E-980D-4253-A5F6-F638BD2F1006}.Debug|x64.ActiveCfg = Debug|x64
		{BD396C4E-980D-4253-A5F6-F638BD2F1006}.Debug|x64.Build.0 = Debug|x64
		{BD396C4E-980D-4253-A5F6-F638BD2F1006}.Debug|x86.ActiveCfg = Debug|Win32
		{BD396C4E-980D-4253-A5F6-F638BD2F1006}.Debug|x86.Build.0 = Debug|Win32
		{BD396C4E-980D-4253-A5F6-F638BD2F1006}.Release|x64.ActiveCfg = Release|x64
		{BD396C4E-980D-4253-A5F6-F638BD2F1006}.Release|x64.Build.0 = Release|x64
		{BD396C4E-980D-4253-A5F6-F638BD2F1006}.Release|x86.ActiveCfg = Release|Win32
		{BD396C4E-980D-4253-A5F6-F638BD2F1006}.Release|x86.Build.0 = Release|Win32
		{95D3BFAB-151A-493C-B2B4-DDAC4AF20051}.Debug|x64.ActiveCfg = Debug|x64
		{95D3BFAB-151A-493C-B2B4-DDAC4AF20051}.Debug|x64.Build.0 = Debug|x64
		{95D3BFAB-151A-493C-B2B4-DDAC4AF20051}.Debug|x86.ActiveCfg = Debug|Win32
		{95D3BFAB-151A-493C-B2B4-DDAC4AF20051}.Debug|x86.Build.0 = Debug|Win32
		{95D3BFAB-151A-493C-B2B4-DDAC4AF20051}.Release|x64.ActiveCfg = Release|x64
		{95D3BFAB-151A-493C-B2B4-DDAC4AF20051}.Release|x64.Build.0 = Release|x64
		{95D3BFAB-151A-493C-B2B4-DDAC4AF20051}.Release|x86.ActiveCfg = Release|Win32
		{95D3BFAB-151A-493C-B2B4-DDAC4AF20051}.Release|x86.Build.0 = Release|Win32
		{78E5DDC8-24CD-4CF2-A679-13A0EF9295F6}.Debug|x64.ActiveCfg = Debug|x64
		{78E5DDC8-24CD-4CF2-A679-13A0EF9295F6}.Debug|x64.Build.0 = Debug|x64
		{78E5DDC8-24CD-4CF2-A679-13A0EF9295F6}.Debug|x86.ActiveCfg = Debug|Win32
		{78E5DDC8-24CD-4CF2-A679-13A0EF9295F6}.Debug|x86.Build.0 = Debug|Win32
		{78E5DDC8-24CD-4CF2-A679-13A0EF9295F6}.Release|x64.ActiveCfg = Release|x64
		{78E5DDC8-24CD-4CF2-A679-13A0EF9295F6}.Release|x64.Build.0 = Release|x64
		{78E5DDC8-24CD-4CF2-A679-13A0EF9295F6}.Release|x86.ActiveCfg = Release|Win32
		{78E5DDC8-24CD-4CF2-A679-13A0EF9295F6}.Release|x86.Build.0 = Release|Win32
		{3236679F-ADE9-48FE-806D-BB8181451335}.Debug|x64.ActiveCfg = Debug|x64
		{3236679F-ADE9-48FE-806D-BB8181451335}.Debug|x64.Build.0 = Debug|x64
		{3236679F-ADE9-48FE-806D-BB8181451335}.Debug|x86.ActiveCfg = Debug|Win32
		{3236679F-ADE9-48FE-806D-BB8181451335}.Debug|x86.Build.0 = Debug|Win32
		{3236679F-ADE9-48FE-806D-BB8181451335}.Release|x64.ActiveCfg = Release|x64
		{3236679F-ADE9-48FE-806D-BB8181451335}.Release|x64.Build.0 = Release|x64
		{3236679F-ADE9-48FE-806D-BB8181451335}.Release|x86.ActiveCfg = Release|Win32
		{3236679F-ADE9-48FE-806D-BB8181451335}.Release|x86.Build.0 = Release|Win32
		{6C191F4C-D65A-4939-A221-886CD7B0C262}.Debug|x64.ActiveCfg = Debug|x64
		{6C191F4C-D65A-4939-A221-886CD7B0C262}.Debug|x64.Build.0 = Debug|x64
		{6C191F4C-D65A-4939-A221-886CD7B0C262}.Debug|x86.ActiveCfg = Debug|Win32
		{6C191F4C-D65A-4939-A221-886CD7B0C262}.Debug|x86.Build.0 = Debug|Win32
		{6C191F4C-D65A-4939-A221-886CD7B0C262}.Release|x64.ActiveCfg = Release|x64
		{6C191F4C-D65A-4939-A221-886CD7B0C262}.Release|x64.Build.0 = Release|x64
		{6C191F4C-D65A-4939-A221-886CD7B0C262}.Release|x86.ActiveCfg = Release|Win32
		{6C191F4C-D65A-4939-A221-886CD7B0C262}.Release|x86.Build.0 = Release|Win32
	EndGlobalSection
	GlobalSection(SolutionProperties) = preSolution
		HideSolutionNode = FALSE
	EndGlobalSection
	GlobalSection(ExtensibilityGlobals) = postSolution
		SolutionGuid = {ED97BFC8-FE0D-4211-BA7D-9EA8DE08C46C}
	EndGlobalSection
EndGlobal
