
Microsoft Visual Studio Solution File, Format Version 12.00
# Visual Studio Version 17
VisualStudioVersion = 17.14.36623.8 d17.14
MinimumVisualStudioVersion = 10.0.40219.1
Project("{8BC9CEB8-8B4A-11D0-8D11-00A0C91BC942}") = "Gaddis_8thEd_Chap15_Prob1_Employee_ProductionWorker_Classes", "Gaddis_8thEd_Chap15_Prob1_Employee_ProductionWorker_Classes\Gaddis_8thEd_Chap15_Prob1_Employee_ProductionWorker_Classes.vcxproj", "{711D20CC-4010-4F86-8099-FA8FF6FF5D2F}"
EndProject
Global
	GlobalSection(SolutionConfigurationPlatforms) = preSolution
		Debug|x64 = Debug|x64
		Debug|x86 = Debug|x86
		Release|x64 = Release|x64
		Release|x86 = Release|x86
	EndGlobalSection
	GlobalSection(ProjectConfigurationPlatforms) = postSolution
		{711D20CC-4010-4F86-8099-FA8FF6FF5D2F}.Debug|x64.ActiveCfg = Debug|x64
		{711D20CC-4010-4F86-8099-FA8FF6FF5D2F}.Debug|x64.Build.0 = Debug|x64
		{711D20CC-4010-4F86-8099-FA8FF6FF5D2F}.Debug|x86.ActiveCfg = Debug|Win32
		{711D20CC-4010-4F86-8099-FA8FF6FF5D2F}.Debug|x86.Build.0 = Debug|Win32
		{711D20CC-4010-4F86-8099-FA8FF6FF5D2F}.Release|x64.ActiveCfg = Release|x64
		{711D20CC-4010-4F86-8099-FA8FF6FF5D2F}.Release|x64.Build.0 = Release|x64
		{711D20CC-4010-4F86-8099-FA8FF6FF5D2F}.Release|x86.ActiveCfg = Release|Win32
		{711D20CC-4010-4F86-8099-FA8FF6FF5D2F}.Release|x86.Build.0 = Release|Win32
	EndGlobalSection
	GlobalSection(SolutionProperties) = preSolution
		HideSolutionNode = FALSE
	EndGlobalSection
	GlobalSection(ExtensibilityGlobals) = postSolution
		SolutionGuid = {ED97BFC8-FE0D-4211-BA7D-9EA8DE08C46C}
	EndGlobalSection
EndGlobal
